
Microsoft Visual Studio Solution File, Format Version 12.00
Project("{FAE04EC0-301F-11D3-BF4B-00C04F79EFBC}") = "Tests", "Tests\Tests.csproj", "{8E200AEC-61E0-47C5-AA13-4555A80EF089}"
EndProject
Project("{FAE04EC0-301F-11D3-BF4B-00C04F79EFBC}") = "GGUnmanagedCore", "GGUnmanagedCore\GGUnmanagedCore.csproj", "{8A26D610-0685-4ABB-BAC1-0D6399934CE2}"
EndProject
Project("{FAE04EC0-301F-11D3-BF4B-00C04F79EFBC}") = "GGUnmanagedAPI", "GGUnmanagedAPI\GGUnmanagedAPI.csproj", "{C16FB400-95F3-4406-86E0-ECDEB1AC37A7}"
EndProject
Global
	GlobalSection(SolutionConfigurationPlatforms) = preSolution
		Debug|Any CPU = Debug|Any CPU
		Release|Any CPU = Release|Any CPU
	EndGlobalSection
	GlobalSection(ProjectConfigurationPlatforms) = postSolution
		{8E200AEC-61E0-47C5-AA13-4555A80EF089}.Debug|Any CPU.ActiveCfg = Debug|Any CPU
		{8E200AEC-61E0-47C5-AA13-4555A80EF089}.Debug|Any CPU.Build.0 = Debug|Any CPU
		{8E200AEC-61E0-47C5-AA13-4555A80EF089}.Release|Any CPU.ActiveCfg = Release|Any CPU
		{8E200AEC-61E0-47C5-AA13-4555A80EF089}.Release|Any CPU.Build.0 = Release|Any CPU
		{8A26D610-0685-4ABB-BAC1-0D6399934CE2}.Debug|Any CPU.ActiveCfg = Debug|Any CPU
		{8A26D610-0685-4ABB-BAC1-0D6399934CE2}.Debug|Any CPU.Build.0 = Debug|Any CPU
		{8A26D610-0685-4ABB-BAC1-0D6399934CE2}.Release|Any CPU.ActiveCfg = Release|Any CPU
		{8A26D610-0685-4ABB-BAC1-0D6399934CE2}.Release|Any CPU.Build.0 = Release|Any CPU
		{C16FB400-95F3-4406-86E0-ECDEB1AC37A7}.Debug|Any CPU.ActiveCfg = Debug|Any CPU
		{C16FB400-95F3-4406-86E0-ECDEB1AC37A7}.Debug|Any CPU.Build.0 = Debug|Any CPU
		{C16FB400-95F3-4406-86E0-ECDEB1AC37A7}.Release|Any CPU.ActiveCfg = Release|Any CPU
		{C16FB400-95F3-4406-86E0-ECDEB1AC37A7}.Release|Any CPU.Build.0 = Release|Any CPU
	EndGlobalSection
EndGlobal
